Microsoft Visual Studio Solution File, Format Version 11.00
# Visual Studio 2008

Project("{AA1FBCA9-E4CE-449B-00E5-2A23B2914006}") = "Simple Game(2)", "Assembly-CSharp.csproj", "{ACA14C6D-F76D-9267-3859-D7D9660AF1EA}"
EndProject
Global
	GlobalSection(SolutionConfigurationPlatforms) = preSolution
		Debug|Any CPU = Debug|Any CPU
		Release|Any CPU = Release|Any CPU
	EndGlobalSection
	GlobalSection(ProjectConfigurationPlatforms) = postSolution
		{ACA14C6D-F76D-9267-3859-D7D9660AF1EA}.Debug|Any CPU.ActiveCfg = Debug|Any CPU
		{ACA14C6D-F76D-9267-3859-D7D9660AF1EA}.Debug|Any CPU.Build.0 = Debug|Any CPU
		{ACA14C6D-F76D-9267-3859-D7D9660AF1EA}.Release|Any CPU.ActiveCfg = Release|Any CPU
		{ACA14C6D-F76D-9267-3859-D7D9660AF1EA}.Release|Any CPU.Build.0 = Release|Any CPU
	EndGlobalSection
	GlobalSection(SolutionProperties) = preSolution
		HideSolutionNode = FALSE
	EndGlobalSection
	GlobalSection(MonoDevelopProperties) = preSolution
		StartupItem = Assembly-CSharp.csproj
	EndGlobalSection
EndGlobal
